
Microsoft Visual Studio Solution File, Format Version 12.00
Project("{FAE04EC0-301F-11D3-BF4B-00C04F79EFBC}") = "MessagesQServer", "MessagesQServer.csproj", "{0249A7B5-4883-484D-B18D-247389DE2B40}"
EndProject
Global
	GlobalSection(SolutionConfigurationPlatforms) = preSolution
		Debug|Any CPU = Debug|Any CPU
		Release|Any CPU = Release|Any CPU
	EndGlobalSection
	GlobalSection(ProjectConfigurationPlatforms) = postSolution
		{0249A7B5-4883-484D-B18D-247389DE2B40}.Debug|Any CPU.ActiveCfg = Debug|Any CPU
		{0249A7B5-4883-484D-B18D-247389DE2B40}.Debug|Any CPU.Build.0 = Debug|Any CPU
		{0249A7B5-4883-484D-B18D-247389DE2B40}.Release|Any CPU.ActiveCfg = Release|Any CPU
		{0249A7B5-4883-484D-B18D-247389DE2B40}.Release|Any CPU.Build.0 = Release|Any CPU
	EndGlobalSection
	GlobalSection(SolutionProperties) = preSolution
		HideSolutionNode = FALSE
	EndGlobalSection
	GlobalSection(ExtensibilityGlobals) = postSolution
		SolutionGuid = {F12F0123-EE3D-4C4D-AE8E-178175888F33}
	EndGlobalSection
EndGlobal
