
Microsoft Visual Studio Solution File, Format Version 12.00
# Visual Studio Version 16
VisualStudioVersion = 16.0.30114.105
MinimumVisualStudioVersion = 10.0.40219.1
Project("{8BC9CEB8-8B4A-11D0-8D11-00A0C91BC942}") = "luaPipe", "luaPipe.vcxproj", "{E147E315-7697-4770-8A8F-053E2EF17929}"
EndProject
Global
	GlobalSection(SolutionConfigurationPlatforms) = preSolution
		Debug|x64 = Debug|x64
		Debug|x86 = Debug|x86
		Release|x64 = Release|x64
		Release|x86 = Release|x86
	EndGlobalSection
	GlobalSection(ProjectConfigurationPlatforms) = postSolution
		{E147E315-7697-4770-8A8F-053E2EF17929}.Debug|x64.ActiveCfg = Debug|x64
		{E147E315-7697-4770-8A8F-053E2EF17929}.Debug|x64.Build.0 = Debug|x64
		{E147E315-7697-4770-8A8F-053E2EF17929}.Debug|x86.ActiveCfg = Debug|Win32
		{E147E315-7697-4770-8A8F-053E2EF17929}.Debug|x86.Build.0 = Debug|Win32
		{E147E315-7697-4770-8A8F-053E2EF17929}.Release|x64.ActiveCfg = Release|x64
		{E147E315-7697-4770-8A8F-053E2EF17929}.Release|x64.Build.0 = Release|x64
		{E147E315-7697-4770-8A8F-053E2EF17929}.Release|x86.ActiveCfg = Release|Win32
		{E147E315-7697-4770-8A8F-053E2EF17929}.Release|x86.Build.0 = Release|Win32
	EndGlobalSection
	GlobalSection(SolutionProperties) = preSolution
		HideSolutionNode = FALSE
	EndGlobalSection
	GlobalSection(ExtensibilityGlobals) = postSolution
		SolutionGuid = {EC12F331-EDFE-45BB-BDCC-C9FF2DADA335}
	EndGlobalSection
EndGlobal
